// !$*UTF8*$!
{
	archiveVersion = 1;
	classes = {
	};
	objectVersion = 46;
	objects = {

/* Begin PBXBuildFile section */
		55472748147EE7A500533F18 /* Foundation.framework in Frameworks */ = {isa = PBXBuildFile; fileRef = 55472747147EE7A500533F18 /* Foundation.framework */; };
		5547274B147EE7A500533F18 /* main.m in Sources */ = {isa = PBXBuildFile; fileRef = 5547274A147EE7A500533F18 /* main.m */; };
		5547274F147EE7A500533F18 /* JoinPoints.1 in CopyFiles */ = {isa = PBXBuildFile; fileRef = 5547274E147EE7A500533F18 /* JoinPoints.1 */; };
		55472757147EE7BC00533F18 /* NSObject+JoinPoints.m in Sources */ = {isa = PBXBuildFile; fileRef = 55472756147EE7BC00533F18 /* NSObject+JoinPoints.m */; };
		B11F560714E574A300B1718F /* ForwardingClass.m in Sources */ = {isa = PBXBuildFile; fileRef = B11F560614E574A300B1718F /* ForwardingClass.m */; };
/* End PBXBuildFile section */

/* Begin PBXCopyFilesBuildPhase section */
		55472741147EE7A500533F18 /* CopyFiles */ = {
			isa = PBXCopyFilesBuildPhase;
			buildActionMask = 2147483647;
			dstPath = /usr/share/man/man1/;
			dstSubfolderSpec = 0;
			files = (
				5547274F147EE7A500533F18 /* JoinPoints.1 in CopyFiles */,
			);
			runOnlyForDeploymentPostprocessing = 1;
		};
/* End PBXCopyFilesBuildPhase section */

/* Begin PBXFileReference section */
		55472743147EE7A500533F18 /* JoinPoints */ = {isa = PBXFileReference; explicitFileType = "compiled.mach-o.executable"; includeInIndex = 0; path = JoinPoints; sourceTree = BUILT_PRODUCTS_DIR; };
		55472747147EE7A500533F18 /* Foundation.framework */ = {isa = PBXFileReference; lastKnownFileType = wrapper.framework; name = Foundation.framework; path = System/Library/Frameworks/Foundation.framework; sourceTree = SDKROOT; };
		5547274A147EE7A500533F18 /* main.m */ = {isa = PBXFileReference; lastKnownFileType = sourcecode.c.objc; path = main.m; sourceTree = "<group>"; };
		5547274D147EE7A500533F18 /* JoinPoints-Prefix.pch */ = {isa = PBXFileReference; lastKnownFileType = sourcecode.c.h; path = "JoinPoints-Prefix.pch"; sourceTree = "<group>"; };
		5547274E147EE7A500533F18 /* JoinPoints.1 */ = {isa = PBXFileReference; lastKnownFileType = text.man; path = JoinPoints.1; sourceTree = "<group>"; };
		55472755147EE7BC00533F18 /* NSObject+JoinPoints.h */ = {isa = PBXFileReference; fileEncoding = 4; lastKnownFileType = sourcecode.c.h; path = "NSObject+JoinPoints.h"; sourceTree = "<group>"; };
		55472756147EE7BC00533F18 /* NSObject+JoinPoints.m */ = {isa = PBXFileReference; fileEncoding = 4; lastKnownFileType = sourcecode.c.objc; path = "NSObject+JoinPoints.m"; sourceTree = "<group>"; };
		B11F560514E574A300B1718F /* ForwardingClass.h */ = {isa = PBXFileReference; fileEncoding = 4; lastKnownFileType = sourcecode.c.h; path = ForwardingClass.h; sourceTree = "<group>"; };
		B11F560614E574A300B1718F /* ForwardingClass.m */ = {isa = PBXFileReference; fileEncoding = 4; lastKnownFileType = sourcecode.c.objc; path = ForwardingClass.m; sourceTree = "<group>"; };
/* End PBXFileReference section */

/* Begin PBXFrameworksBuildPhase section */
		55472740147EE7A500533F18 /* Frameworks */ = {
			isa = PBXFrameworksBuildPhase;
			buildActionMask = 2147483647;
			files = (
				55472748147EE7A500533F18 /* Foundation.framework in Frameworks */,
			);
			runOnlyForDeploymentPostprocessing = 0;
		};
/* End PBXFrameworksBuildPhase section */

/* Begin PBXGroup section */
		55472738147EE7A400533F18 = {
			isa = PBXGroup;
			children = (
				55472749147EE7A500533F18 /* JoinPoints */,
				55472746147EE7A500533F18 /* Frameworks */,
				55472744147EE7A500533F18 /* Products */,
			);
			sourceTree = "<group>";
		};
		55472744147EE7A500533F18 /* Products */ = {
			isa = PBXGroup;
			children = (
				55472743147EE7A500533F18 /* JoinPoints */,
			);
			name = Products;
			sourceTree = "<group>";
		};
		55472746147EE7A500533F18 /* Frameworks */ = {
			isa = PBXGroup;
			children = (
				55472747147EE7A500533F18 /* Foundation.framework */,
			);
			name = Frameworks;
			sourceTree = "<group>";
		};
		55472749147EE7A500533F18 /* JoinPoints */ = {
			isa = PBXGroup;
			children = (
				5547274A147EE7A500533F18 /* main.m */,
				55472755147EE7BC00533F18 /* NSObject+JoinPoints.h */,
				55472756147EE7BC00533F18 /* NSObject+JoinPoints.m */,
				B11F560514E574A300B1718F /* ForwardingClass.h */,
				B11F560614E574A300B1718F /* ForwardingClass.m */,
				5547274E147EE7A500533F18 /* JoinPoints.1 */,
				5547274C147EE7A500533F18 /* Supporting Files */,
			);
			path = JoinPoints;
			sourceTree = "<group>";
		};
		5547274C147EE7A500533F18 /* Supporting Files */ = {
			isa = PBXGroup;
			children = (
				5547274D147EE7A500533F18 /* JoinPoints-Prefix.pch */,
			);
			name = "Supporting Files";
			sourceTree = "<group>";
		};
/* End PBXGroup section */

/* Begin PBXNativeTarget section */
		55472742147EE7A500533F18 /* JoinPoints */ = {
			isa = PBXNativeTarget;
			buildConfigurationList = 55472752147EE7A500533F18 /* Build configuration list for PBXNativeTarget "JoinPoints" */;
			buildPhases = (
				5547273F147EE7A500533F18 /* Sources */,
				55472740147EE7A500533F18 /* Frameworks */,
				55472741147EE7A500533F18 /* CopyFiles */,
			);
			buildRules = (
			);
			dependencies = (
			);
			name = JoinPoints;
			productName = JoinPoints;
			productReference = 55472743147EE7A500533F18 /* JoinPoints */;
			productType = "com.apple.product-type.tool";
		};
/* End PBXNativeTarget section */

/* Begin PBXProject section */
		5547273A147EE7A400533F18 /* Project object */ = {
			isa = PBXProject;
			attributes = {
				LastUpgradeCheck = 0430;
			};
			buildConfigurationList = 5547273D147EE7A400533F18 /* Build configuration list for PBXProject "JoinPoints" */;
			compatibilityVersion = "Xcode 3.2";
			developmentRegion = English;
			hasScannedForEncodings = 0;
			knownRegions = (
				en,
			);
			mainGroup = 55472738147EE7A400533F18;
			productRefGroup = 55472744147EE7A500533F18 /* Products */;
			projectDirPath = "";
			projectRoot = "";
			targets = (
				55472742147EE7A500533F18 /* JoinPoints */,
			);
		};
/* End PBXProject section */

/* Begin PBXSourcesBuildPhase section */
		5547273F147EE7A500533F18 /* Sources */ = {
			isa = PBXSourcesBuildPhase;
			buildActionMask = 2147483647;
			files = (
				5547274B147EE7A500533F18 /* main.m in Sources */,
				55472757147EE7BC00533F18 /* NSObject+JoinPoints.m in Sources */,
				B11F560714E574A300B1718F /* ForwardingClass.m in Sources */,
			);
			runOnlyForDeploymentPostprocessing = 0;
		};
/* End PBXSourcesBuildPhase section */

/* Begin XCBuildConfiguration section */
		55472750147EE7A500533F18 /* Debug */ = {
			isa = XCBuildConfiguration;
			buildSettings = {
				ALWAYS_SEARCH_USER_PATHS = NO;
				ARCHS = "$(ARCHS_STANDARD_64_BIT)";
				COPY_PHASE_STRIP = NO;
				GCC_C_LANGUAGE_STANDARD = gnu99;
				GCC_DYNAMIC_NO_PIC = NO;
				GCC_ENABLE_OBJC_EXCEPTIONS = YES;
				GCC_OPTIMIZATION_LEVEL = 0;
				GCC_PREPROCESSOR_DEFINITIONS = (
					"DEBUG=1",
					"$(inherited)",
				);
				GCC_SYMBOLS_PRIVATE_EXTERN = NO;
				GCC_VERSION = com.apple.compilers.llvm.clang.1_0;
				GCC_WARN_64_TO_32_BIT_CONVERSION = YES;
				GCC_WARN_ABOUT_MISSING_PROTOTYPES = YES;
				GCC_WARN_ABOUT_RETURN_TYPE = YES;
				GCC_WARN_UNUSED_VARIABLE = YES;
				MACOSX_DEPLOYMENT_TARGET = 10.7;
				ONLY_ACTIVE_ARCH = YES;
				SDKROOT = macosx;
			};
			name = Debug;
		};
		55472751147EE7A500533F18 /* Release */ = {
			isa = XCBuildConfiguration;
			buildSettings = {
				ALWAYS_SEARCH_USER_PATHS = NO;
				ARCHS = "$(ARCHS_STANDARD_64_BIT)";
				COPY_PHASE_STRIP = YES;
				DEBUG_INFORMATION_FORMAT = "dwarf-with-dsym";
				GCC_C_LANGUAGE_STANDARD = gnu99;
				GCC_ENABLE_OBJC_EXCEPTIONS = YES;
				GCC_VERSION = com.apple.compilers.llvm.clang.1_0;
				GCC_WARN_64_TO_32_BIT_CONVERSION = YES;
				GCC_WARN_ABOUT_MISSING_PROTOTYPES = YES;
				GCC_WARN_ABOUT_RETURN_TYPE = YES;
				GCC_WARN_UNUSED_VARIABLE = YES;
				MACOSX_DEPLOYMENT_TARGET = 10.7;
				SDKROOT = macosx;
			};
			name = Release;
		};
		55472753147EE7A500533F18 /* Debug */ = {
			isa = XCBuildConfiguration;
			buildSettings = {
				GCC_PRECOMPILE_PREFIX_HEADER = YES;
				GCC_PREFIX_HEADER = "JoinPoints/JoinPoints-Prefix.pch";
				PRODUCT_NAME = "$(TARGET_NAME)";
			};
			name = Debug;
		};
		55472754147EE7A500533F18 /* Release */ = {
			isa = XCBuildConfiguration;
			buildSettings = {
				GCC_PRECOMPILE_PREFIX_HEADER = YES;
				GCC_PREFIX_HEADER = "JoinPoints/JoinPoints-Prefix.pch";
				PRODUCT_NAME = "$(TARGET_NAME)";
			};
			name = Release;
		};
/* End XCBuildConfiguration section */

/* Begin XCConfigurationList section */
		5547273D147EE7A400533F18 /* Build configuration list for PBXProject "JoinPoints" */ = {
			isa = XCConfigurationList;
			buildConfigurations = (
				55472750147EE7A500533F18 /* Debug */,
				55472751147EE7A500533F18 /* Release */,
			);
			defaultConfigurationIsVisible = 0;
			defaultConfigurationName = Release;
		};
		55472752147EE7A500533F18 /* Build configuration list for PBXNativeTarget "JoinPoints" */ = {
			isa = XCConfigurationList;
			buildConfigurations = (
				55472753147EE7A500533F18 /* Debug */,
				55472754147EE7A500533F18 /* Release */,
			);
			defaultConfigurationIsVisible = 0;
			defaultConfigurationName = Release;
		};
/* End XCConfigurationList section */
	};
	rootObject = 5547273A147EE7A400533F18 /* Project object */;
}
